
Microsoft Visual Studio Solution File, Format Version 12.00
# Visual Studio Version 17
VisualStudioVersion = 17.5.33516.290
MinimumVisualStudioVersion = 10.0.40219.1
Project("{FAE04EC0-301F-11D3-BF4B-00C04F79EFBC}") = "LatihanClassDanObject", "LatihanClassDanObject\LatihanClassDanObject.csproj", "{F63B8476-89C7-465F-A93E-77228AAAEF8D}"
EndProject
Global
	GlobalSection(SolutionConfigurationPlatforms) = preSolution
		Debug|Any CPU = Debug|Any CPU
		Release|Any CPU = Release|Any CPU
	EndGlobalSection
	GlobalSection(ProjectConfigurationPlatforms) = postSolution
		{F63B8476-89C7-465F-A93E-77228AAAEF8D}.Debug|Any CPU.ActiveCfg = Debug|Any CPU
		{F63B8476-89C7-465F-A93E-77228AAAEF8D}.Debug|Any CPU.Build.0 = Debug|Any CPU
		{F63B8476-89C7-465F-A93E-77228AAAEF8D}.Release|Any CPU.ActiveCfg = Release|Any CPU
		{F63B8476-89C7-465F-A93E-77228AAAEF8D}.Release|Any CPU.Build.0 = Release|Any CPU
	EndGlobalSection
	GlobalSection(SolutionProperties) = preSolution
		HideSolutionNode = FALSE
	EndGlobalSection
	GlobalSection(ExtensibilityGlobals) = postSolution
		SolutionGuid = {9AA6706E-5B33-496F-B9FA-282FA713DFD9}
	EndGlobalSection
EndGlobal
